
Microsoft Visual Studio Solution File, Format Version 12.00
# Visual Studio 15
VisualStudioVersion = 15.0.27130.2010
MinimumVisualStudioVersion = 10.0.40219.1
Project("{9A19103F-16F7-4668-BE54-9A1E7A4F7556}") = "PerformanceProfilerTester.CoreWin", "PerformanceProfilerTester.CoreWin\PerformanceProfilerTester.CoreWin.csproj", "{5A1702B3-0B21-4378-A5D0-059E4863FF7B}"
EndProject
Project("{9A19103F-16F7-4668-BE54-9A1E7A4F7556}") = "PerformanceProfilerTester", "PerformanceProfilerTester\PerformanceProfilerTester.csproj", "{26EA21FA-32F3-4FE0-932C-83D107353E6F}"
EndProject
Global
	GlobalSection(Performance) = preSolution
		HasPerformanceSessions = true
	EndGlobalSection
	GlobalSection(SolutionConfigurationPlatforms) = preSolution
		Debug|Any CPU = Debug|Any CPU
		Release|Any CPU = Release|Any CPU
	EndGlobalSection
	GlobalSection(ProjectConfigurationPlatforms) = postSolution
		{5A1702B3-0B21-4378-A5D0-059E4863FF7B}.Debug|Any CPU.ActiveCfg = Debug|Any CPU
		{5A1702B3-0B21-4378-A5D0-059E4863FF7B}.Debug|Any CPU.Build.0 = Debug|Any CPU
		{5A1702B3-0B21-4378-A5D0-059E4863FF7B}.Release|Any CPU.ActiveCfg = Release|Any CPU
		{5A1702B3-0B21-4378-A5D0-059E4863FF7B}.Release|Any CPU.Build.0 = Release|Any CPU
		{26EA21FA-32F3-4FE0-932C-83D107353E6F}.Debug|Any CPU.ActiveCfg = Debug|Any CPU
		{26EA21FA-32F3-4FE0-932C-83D107353E6F}.Debug|Any CPU.Build.0 = Debug|Any CPU
		{26EA21FA-32F3-4FE0-932C-83D107353E6F}.Release|Any CPU.ActiveCfg = Release|Any CPU
		{26EA21FA-32F3-4FE0-932C-83D107353E6F}.Release|Any CPU.Build.0 = Release|Any CPU
	EndGlobalSection
	GlobalSection(SolutionProperties) = preSolution
		HideSolutionNode = FALSE
	EndGlobalSection
	GlobalSection(ExtensibilityGlobals) = postSolution
		SolutionGuid = {800C7085-DC98-4C75-9DE1-1EC4272AA46D}
	EndGlobalSection
	GlobalSection(Performance) = preSolution
		HasPerformanceSessions = true
	EndGlobalSection
	GlobalSection(Performance) = preSolution
		HasPerformanceSessions = true
	EndGlobalSection
EndGlobal
